version = 1
revision = 3
requires-python = ">=3.13"

[[package]]
name = "aiosqlite"
version = "0.22.1"
source = { registry = "https://pypi.org/simple" }
sdist = { url = "https://files.pythonhosted.org/packages/4e/8a/64761f4005f17809769d23e518d915db74e6310474e733e3593cfc854ef1/aiosqlite-0.22.1.tar.gz", hash = "sha256:043e0bd78d32888c0a9ca90fc788b38796843360c855a7262a532813133a0650", size = 14821, upload-time = "2025-12-23T19:25:43.997Z" }
wheels = [
    { url = "https://files.pythonhosted.org/packages/00/b7/e3bf5133d697a08128598c8d0abc5e16377b51465a33756de24fa7dee953/aiosqlite-0.22.1-py3-none-any.whl", hash = "sha256:21c002eb13823fad740196c5a2e9d8e62f6243bd9e7e4a1f87fb5e44ecb4fceb", size = 17405, upload-time = "2025-12-23T19:25:42.139Z" },
]

[[package]]
name = "anyio"
version = "4.14.0"
source = { registry = "https://pypi.org/simple" }
dependencies = [
    { name = "idna" },
]
sdist = { url = "https://files.pythonhosted.org/packages/1c/b5/001890774a9552aff22502b8da382593109ce0c95314abaebbb116567545/anyio-4.14.0.tar.gz", hash = "sha256:b47c1f9ccf73e67021df785332508f99379c68fa7d0684e8e3492cb1d4b23f89", size = 253586, upload-time = "2026-06-15T22:00:49.021Z" }
wheels = [
    { url = "https://files.pythonhosted.org/packages/ba/16/9826f089383c593cdfc4a6e5aca94d9e91ae1692c57af82c3b2aa5e810f7/anyio-4.14.0-py3-none-any.whl", hash = "sha256:dd9b7a2a9799ed6552fde617b2c5df02b7fdd7d88392fc48101e51bae46164d9", size = 123506, upload-time = "2026-06-15T22:00:47.595Z" },
]

[[package]]
name = "asrec-telegram"
version = "0.0.2a2"
source = { editable = "." }
dependencies = [
    { name = "pyrofork" },
    { name = "tgcrypto-pyrofork" },
    { name = "tortoise-orm" },
]

[package.dev-dependencies]
dev = [
    { name = "av" },
    { name = "ipython" },
]

[package.metadata]
requires-dist = [
    { name = "pyrofork", specifier = ">=2.3.68" },
    { name = "tgcrypto-pyrofork", specifier = ">=1.2.7" },
    { name = "tortoise-orm", specifier = "~=1.1" },
]

[package.metadata.requires-dev]
dev = [
    { name = "av", specifier = ">=15.0.0" },
    { name = "ipython" },
]

[[package]]
name = "asttokens"
version = "3.0.1"
source = { registry = "https://pypi.org/simple" }
sdist = { url = "https://files.pythonhosted.org/packages/be/a5/8e3f9b6771b0b408517c82d97aed8f2036509bc247d46114925e32fe33f0/asttokens-3.0.1.tar.gz", hash = "sha256:71a4ee5de0bde6a31d64f6b13f2293ac190344478f081c3d1bccfcf5eacb0cb7", size = 62308, upload-time = "2025-11-15T16:43:48.578Z" }
wheels = [
    { url = "https://files.pythonhosted.org/packages/d2/39/e7eaf1799466a4aef85b6a4fe7bd175ad2b1c6345066aa33f1f58d4b18d0/asttokens-3.0.1-py3-none-any.whl", hash = "sha256:15a3ebc0f43c2d0a50eeafea25e19046c68398e487b9f1f5b517f7c0f40f976a", size = 27047, upload-time = "2025-11-15T16:43:16.109Z" },
]

[[package]]
name = "av"
version = "17.1.0"
source = { registry = "https://pypi.org/simple" }
sdist = { url = "https://files.pythonhosted.org/packages/5e/e3/477fa20578c284abeda08d91b63ee9abaebc93445d8feeb989d3d444bae1/av-17.1.0.tar.gz", hash = "sha256:7f1e71ff621b66253333926f948e00faae11d855b2442133c65128bca64cdeb3", size = 4288546, upload-time = "2026-06-07T05:52:55.999Z" }
wheels = [
    { url = "https://files.pythonhosted.org/packages/ec/87/8036b5c781bc3639ea04ef42d4e26da253bd4bd4311d8705b6a1c8824047/av-17.1.0-cp311-abi3-macosx_11_0_x86_64.whl", hash = "sha256:ad7b4aa011093324b7118245f50ac6db244cfe9900d4072508a5245a2b0d3f41", size = 22460847, upload-time = "2026-06-07T05:52:04.261Z" },
    { url = "https://files.pythonhosted.org/packages/6d/af/dfdf6fc7b17814b50d0aa9e7a7e37b87be91be3890f44b0d525433cd1fd1/av-17.1.0-cp311-abi3-macosx_14_0_arm64.whl", hash = "sha256:43ebbe977f19a7f2d2bd1a4e119675a0b15e05852cf7309846b6ab922ba7ffe9", size = 18159115, upload-time = "2026-06-07T05:52:06.64Z" },
    { url = "https://files.pythonhosted.org/packages/ad/13/64f6c466471cea225b8b2f4cdc51a571f8a286984b55a08d169b932fda5d/av-17.1.0-cp311-abi3-manylinux_2_28_aarch64.whl", hash = "sha256:6a20658ec7d96a70e14b1196eff00b7cdd8831ac3b99868e16b8ba8b24090847", size = 33224427, upload-time = "2026-06-07T05:52:09.165Z" },
    { url = "https://files.pythonhosted.org/packages/77/43/96b35170bf2e64e00a41748c6400ff73232dc0fc62ded283679fb07c7fe0/av-17.1.0-cp311-abi3-manylinux_2_28_x86_64.whl", hash = "sha256:f9a65d1f48b818323fb411e80358f89d77dec340b01d27c6b2dfbb9cbf4b779f", size = 35370183, upload-time = "2026-06-07T05:52:11.959Z" },
    { url = "https://files.pythonhosted.org/packages/2e/b3/8e8b4b6498731bfbd88e8399a756543f8088f1bd33d08eab678b5aebe728/av-17.1.0-cp311-abi3-manylinux_2_31_armv7l.whl", hash = "sha256:58f7593726437cda5bd19793027e027768450b5c4a594777bf487798a33db702", size = 24459265, upload-time = "2026-06-07T05:52:14.66Z" },
    { url = "https://files.pythonhosted.org/packages/14/ac/ceb84b7553db21f1143d817245c560d9267168e1e58b1a8eeae2b62c4d04/av-17.1.0-cp311-abi3-musllinux_1_2_aarch64.whl", hash = "sha256:bbab058bd965309f39962e53caac8126987c68c0be094fc4f9427e5615b0218f", size = 34283709, upload-time = "2026-06-07T05:52:17.389Z" },
    { url = "https://files.pythonhosted.org/packages/59/f9/4115fd84148c9a1cf365096694be6ac882fd3cd3cdb7a2f35e71fecf1631/av-17.1.0-cp311-abi3-musllinux_1_2_armv7l.whl", hash = "sha256:9514cfda85180554c430695282faf4be3ffdf95775d8519733821244eecb58e0", size = 25397573, upload-time = "2026-06-07T05:52:20.012Z" },
    { url = "https://files.pythonhosted.org/packages/e2/ac/92e52d5ed0e0b84d9d93e52b4338c2713d8a44082b8696e6516fdae7c4e4/av-17.1.0-cp311-abi3-musllinux_1_2_x86_64.whl", hash = "sha256:e1c90f85cd7431ede95b11e8e711571a896ebea433f298849c2c0f1594c8d86e", size = 36451495, upload-time = "2026-06-07T05:52:22.581Z" },
    { url = "https://files.pythonhosted.org/packages/6b/f2/53a7cd34adb6a971d7e6d99663e74db286966c9db8afdca17472fdf0f98e/av-17.1.0-cp311-abi3-win_amd64.whl", hash = "sha256:5df5c1172ef1cf65a1529d612f7da7798ce2cf82c1ff7212466b538a6cc7214c", size = 28036393, upload-time = "2026-06-07T05:52:25.657Z" },
    { url = "https://files.pythonhosted.org/packages/66/47/cd9ae0edf2206351c1251bb94b5ec58728e42c5f6ee16c03c412f3a1bb3e/av-17.1.0-cp311-abi3-win_arm64.whl", hash = "sha256:ee98534242a74da847af78624779ac5a3177dc7c69f956a4da9e6f0fdb37d7f6", size = 21174601, upload-time = "2026-06-07T05:52:28.077Z" },
    { url = "https://files.pythonhosted.org/packages/36/90/b5668cddb3c401fcf22553bc495d5b0c6d8a01d118624b26f0db1d0b8653/av-17.1.0-cp314-cp314t-macosx_11_0_x86_64.whl", hash = "sha256:5327807c1219293803ef0c5d1578ff3ae1cf638c09e5998962026e1a554ec240", size = 22699499, upload-time = "2026-06-07T05:52:30.335Z" },
    { url = "https://files.pythonhosted.org/packages/e0/7e/7be6bfddb823d045ff9fd5d4deb922ee3847605e162c3882e6c45b4c35ff/av-17.1.0-cp314-cp314t-macosx_14_0_arm64.whl", hash = "sha256:6c9b71fe5c0c5a8d303b1588d4d8ce9397d6b023f467cfef95000ba1f75507fa", size = 18366696, upload-time = "2026-06-07T05:52:32.645Z" },
    { url = "https://files.pythonhosted.org/packages/a2/23/391dcfa75c1ae1977efca44b753a11b929399b558826670c16a8808dd0e3/av-17.1.0-cp314-cp314t-manylinux_2_28_aarch64.whl", hash = "sha256:f997e3351bdf51127c07a74e21741a2996e9230cbeb2d81c14acde761b116c9c", size = 36582649, upload-time = "2026-06-07T05:52:35.218Z" },
    { url = "https://files.pythonhosted.org/packages/fb/32/7312854868b318b9d1b1dcbd1bddb460aaaeac7d57f816e11efec3bef5b1/av-17.1.0-cp314-cp314t-manylinux_2_28_x86_64.whl", hash = "sha256:efe9b1397300b67b644ad220c89df4892a76f2debe70f16bae1749fa20526e63", size = 38479390, upload-time = "2026-06-07T05:52:37.968Z" },
    { url = "https://files.pythonhosted.org/packages/2a/72/af47f59b4458e81ca7d89f477698dbfb3d5a0cd8ae6c1e4441d01074af8a/av-17.1.0-cp314-cp314t-manylinux_2_31_armv7l.whl", hash = "sha256:fa64e1f1500d01c4a98e7a41dc1a9a35fb4dfe71f5de0389264ec1192200c76a", size = 27127432, upload-time = "2026-06-07T05:52:40.371Z" },
    { url = "https://files.pythonhosted.org/packages/88/85/c2e6861baf0f8c7d21c4ce811d4d424fedac915e3910d3570ce4377717dc/av-17.1.0-cp314-cp314t-musllinux_1_2_aarch64.whl", hash = "sha256:ffbd78d73d2c9bf31e9a007c992faec3991428b2941a3b085b84fb82e8c32d19", size = 37406592, upload-time = "2026-06-07T05:52:43.215Z" },
    { url = "https://files.pythonhosted.org/packages/ba/40/3cc13125aea976101c0858af99ac47257c0654411aa199b5d8e81eea7002/av-17.1.0-cp314-cp314t-musllinux_1_2_armv7l.whl", hash = "sha256:bff8896454b38fcb785a70e5ae0485d7021cb776303a5849393128a30b8f850b", size = 28336228, upload-time = "2026-06-07T05:52:46.134Z" },
    { url = "https://files.pythonhosted.org/packages/a2/38/c7d9c3e746209a1a695c13e3aa7d817229e84a85d0a84271f313d1befdd3/av-17.1.0-cp314-cp314t-musllinux_1_2_x86_64.whl", hash = "sha256:1284addf3c0dd939887a9722dc30df2241a97471ad52c3c507e31583ae22ff02", size = 39490680, upload-time = "2026-06-07T05:52:48.887Z" },
    { url = "https://files.pythonhosted.org/packages/a1/25/9d42da561b7b8f7dabdfaebba07b52977bee58c5c7e4285ac991abcfaa72/av-17.1.0-cp314-cp314t-win_amd64.whl", hash = "sha256:ec630be6321b04e317862f6082e84812bbd801e55a3c2298312e3fc8a0a4af4f", size = 28355673, upload-time = "2026-06-07T05:52:51.614Z" },
    { url = "https://files.pythonhosted.org/packages/a8/41/562a61d5a61fba3ffb273a115e249f1d8471b9515c59fcc38b4b9deda238/av-17.1.0-cp314-cp314t-win_arm64.whl", hash = "sha256:b41647e42884bf543b8e8d0a1dabd4d1b006c99183eb1a2d7afc5b01f73eeff4", size = 21324700, upload-time = "2026-06-07T05:52:53.972Z" },
]

[[package]]
name = "colorama"
version = "0.4.6"
source = { registry = "https://pypi.org/simple" }
sdist = { url = "https://files.pythonhosted.org/packages/d8/53/6f443c9a4a8358a93a6792e2acffb9d9d5cb0a5cfd8802644b7b1c9a02e4/colorama-0.4.6.tar.gz", hash = "sha256:08695f5cb7ed6e0531a20572697297273c47b8cae5a63ffc6d6ed5c201be6e44", size = 27697, upload-time = "2022-10-25T02:36:22.414Z" }
wheels = [
    { url = "https://files.pythonhosted.org/packages/d1/d6/3965ed04c63042e047cb6a3e6ed1a63a35087b6a609aa3a15ed8ac56c221/colorama-0.4.6-py2.py3-none-any.whl", hash = "sha256:4f1d9991f5acc0ca119f9d443620b77f9d6b33703e51011c16baf57afb285fc6", size = 25335, upload-time = "2022-10-25T02:36:20.889Z" },
]

[[package]]
name = "decorator"
version = "5.3.1"
source = { registry = "https://pypi.org/simple" }
sdist = { url = "https://files.pythonhosted.org/packages/60/8b/32f9823da46cde7df2087faa08cd98d01b908f8dcab982cdba9c84e85355/decorator-5.3.1.tar.gz", hash = "sha256:4cbcdd55a6efadb9dbea26b858f4fb3264567b52d69ca0d25b721b553f60ea82", size = 58084, upload-time = "2026-05-18T06:03:28.057Z" }
wheels = [
    { url = "https://files.pythonhosted.org/packages/05/7f/798705f5296a58ca505d600456748d1be48078eac8a7050d8a98bc9edb89/decorator-5.3.1-py3-none-any.whl", hash = "sha256:f47fe6fdbd2edd623ecfe36875d37aba411624e2670dd395dddae1358689bb3c", size = 10365, upload-time = "2026-05-18T06:03:26.517Z" },
]

[[package]]
name = "executing"
version = "2.2.1"
source = { registry = "https://pypi.org/simple" }
sdist = { url = "https://files.pythonhosted.org/packages/cc/28/c14e053b6762b1044f34a13aab6859bbf40456d37d23aa286ac24cfd9a5d/executing-2.2.1.tar.gz", hash = "sha256:3632cc370565f6648cc328b32435bd120a1e4ebb20c77e3fdde9a13cd1e533c4", size = 1129488, upload-time = "2025-09-01T09:48:10.866Z" }
wheels = [
    { url = "https://files.pythonhosted.org/packages/c1/ea/53f2148663b321f21b5a606bd5f191517cf40b7072c0497d3c92c4a13b1e/executing-2.2.1-py2.py3-none-any.whl", hash = "sha256:760643d3452b4d777d295bb167ccc74c64a81df23fb5e08eff250c425a4b2017", size = 28317, upload-time = "2025-09-01T09:48:08.5Z" },
]

[[package]]
name = "idna"
version = "3.18"
source = { registry = "https://pypi.org/simple" }
sdist = { url = "https://files.pythonhosted.org/packages/cd/63/9496c57188a2ee585e0f1db071d75089a11e98aa86eb99d9d7618fc1edce/idna-3.18.tar.gz", hash = "sha256:ffb385a7e039654cef1ab9ef32c6fafe283c0c0467bba1d9029738ce4a14a848", size = 196711, upload-time = "2026-06-02T14:34:07.794Z" }
wheels = [
    { url = "https://files.pythonhosted.org/packages/1e/5e/d4e9f1a599fb8e573b7b87160658329fbf28d19eac2718f51fc3def3aa5a/idna-3.18-py3-none-any.whl", hash = "sha256:7f952cbe720b688055e3f87de14f5c3e5fdaa8bc3928985c4077ca689de849a2", size = 65455, upload-time = "2026-06-02T14:34:06.319Z" },
]

[[package]]
name = "ipython"
version = "9.14.1"
source = { registry = "https://pypi.org/simple" }
dependencies = [
    { name = "colorama", marker = "sys_platform == 'win32'" },
    { name = "decorator" },
    { name = "ipython-pygments-lexers" },
    { name = "jedi" },
    { name = "matplotlib-inline" },
    { name = "pexpect", marker = "sys_platform != 'emscripten' and sys_platform != 'win32'" },
    { name = "prompt-toolkit" },
    { name = "psutil", marker = "sys_platform != 'emscripten'" },
    { name = "pygments" },
    { name = "stack-data" },
    { name = "traitlets" },
]
sdist = { url = "https://files.pythonhosted.org/packages/e2/23/3a27530575643c8bb7bfc757a28e2e7ef80092afbf59a2bc5716320b6602/ipython-9.14.1.tar.gz", hash = "sha256:f913bf74df06d458e46ced84ca506c23797590d594b236fe60b14df213291e7b", size = 4433457, upload-time = "2026-06-05T08:12:34.921Z" }
wheels = [
    { url = "https://files.pythonhosted.org/packages/9d/22/58818a63eaf8982b67632b1bc20585c811611b15a8da19d6012323dc76a5/ipython-9.14.1-py3-none-any.whl", hash = "sha256:5d4a9ecaa3b10e6e5f269dd0948bdb58ca9cb851899cd23e07c320d3eb11613c", size = 627770, upload-time = "2026-06-05T08:12:33.045Z" },
]

[[package]]
name = "ipython-pygments-lexers"
version = "1.1.1"
source = { registry = "https://pypi.org/simple" }
dependencies = [
    { name = "pygments" },
]
sdist = { url = "https://files.pythonhosted.org/packages/ef/4c/5dd1d8af08107f88c7f741ead7a40854b8ac24ddf9ae850afbcf698aa552/ipython_pygments_lexers-1.1.1.tar.gz", hash = "sha256:09c0138009e56b6854f9535736f4171d855c8c08a563a0dcd8022f78355c7e81", size = 8393, upload-time = "2025-01-17T11:24:34.505Z" }
wheels = [
    { url = "https://files.pythonhosted.org/packages/d9/33/1f075bf72b0b747cb3288d011319aaf64083cf2efef8354174e3ed4540e2/ipython_pygments_lexers-1.1.1-py3-none-any.whl", hash = "sha256:a9462224a505ade19a605f71f8fa63c2048833ce50abc86768a0d81d876dc81c", size = 8074, upload-time = "2025-01-17T11:24:33.271Z" },
]

[[package]]
name = "iso8601"
version = "2.1.0"
source = { registry = "https://pypi.org/simple" }
sdist = { url = "https://files.pythonhosted.org/packages/b9/f3/ef59cee614d5e0accf6fd0cbba025b93b272e626ca89fb70a3e9187c5d15/iso8601-2.1.0.tar.gz", hash = "sha256:6b1d3829ee8921c4301998c909f7829fa9ed3cbdac0d3b16af2d743aed1ba8df", size = 6522, upload-time = "2023-10-03T00:25:39.317Z" }
wheels = [
    { url = "https://files.pythonhosted.org/packages/6c/0c/f37b6a241f0759b7653ffa7213889d89ad49a2b76eb2ddf3b57b2738c347/iso8601-2.1.0-py3-none-any.whl", hash = "sha256:aac4145c4dcb66ad8b648a02830f5e2ff6c24af20f4f482689be402db2429242", size = 7545, upload-time = "2023-10-03T00:25:32.304Z" },
]

[[package]]
name = "jedi"
version = "0.20.0"
source = { registry = "https://pypi.org/simple" }
dependencies = [
    { name = "parso" },
]
sdist = { url = "https://files.pythonhosted.org/packages/46/b7/a3635f6a2d7cf5b5dd98064fc1d5fbbafcb25477bcea204a3a92145d158b/jedi-0.20.0.tar.gz", hash = "sha256:c3f4ccbd276696f4b19c54618d4fb18f9fc24b0aef02acf704b23f487daa1011", size = 3119416, upload-time = "2026-05-01T23:38:47.814Z" }
wheels = [
    { url = "https://files.pythonhosted.org/packages/9a/93/242e2eab5fe682ffcb8b0084bde703a41d51e17ee0f3a31ff0d9d813620a/jedi-0.20.0-py2.py3-none-any.whl", hash = "sha256:7bdd9c2634f56713299976f4cbd59cb3fa92165cc5e05ea811fb253480728b67", size = 4884812, upload-time = "2026-05-01T23:38:43.919Z" },
]

[[package]]
name = "matplotlib-inline"
version = "0.2.2"
source = { registry = "https://pypi.org/simple" }
dependencies = [
    { name = "traitlets" },
]
sdist = { url = "https://files.pythonhosted.org/packages/bd/c0/9f7c9a46090390368a4d7bcb76bb87a4a36c421e4c0792cdb53486ffac7a/matplotlib_inline-0.2.2.tar.gz", hash = "sha256:72f3fe8fce36b70d4a5b612f899090cd0401deddc4ea90e1572b9f4bfb058c79", size = 8150, upload-time = "2026-05-08T17:33:33.49Z" }
wheels = [
    { url = "https://files.pythonhosted.org/packages/41/09/5b161152e2d90f7b87f781c2e1267494aef9c32498df793f73ad0a0a494a/matplotlib_inline-0.2.2-py3-none-any.whl", hash = "sha256:3c821cf1c209f59fb2d2d64abbf5b23b67bcb2210d663f9918dd851c6da1fcf6", size = 9534, upload-time = "2026-05-08T17:33:32.055Z" },
]

[[package]]
name = "parso"
version = "0.8.7"
source = { registry = "https://pypi.org/simple" }
sdist = { url = "https://files.pythonhosted.org/packages/30/4b/90c937815137d43ce71ba043cd3566221e9df6b9c805f24b5d138c9d40a7/parso-0.8.7.tar.gz", hash = "sha256:eaaac4c9fdd5e9e8852dc778d2d7405897ec510f2a298071453e5e3a07914bb1", size = 401824, upload-time = "2026-05-01T23:13:02.138Z" }
wheels = [
    { url = "https://files.pythonhosted.org/packages/99/5d/8268b644392ee874ee82a635cd0df1773de230bde356c38de28e298392cc/parso-0.8.7-py2.py3-none-any.whl", hash = "sha256:a8926eb2a1b915486941fdbd31e86a4baf88fe8c210f25f2f35ecec5b574ca1c", size = 107025, upload-time = "2026-05-01T23:12:58.867Z" },
]

[[package]]
name = "pexpect"
version = "4.9.0"
source = { registry = "https://pypi.org/simple" }
dependencies = [
    { name = "ptyprocess" },
]
sdist = { url = "https://files.pythonhosted.org/packages/42/92/cc564bf6381ff43ce1f4d06852fc19a2f11d180f23dc32d9588bee2f149d/pexpect-4.9.0.tar.gz", hash = "sha256:ee7d41123f3c9911050ea2c2dac107568dc43b2d3b0c7557a33212c398ead30f", size = 166450, upload-time = "2023-11-25T09:07:26.339Z" }
wheels = [
    { url = "https://files.pythonhosted.org/packages/9e/c3/059298687310d527a58bb01f3b1965787ee3b40dce76752eda8b44e9a2c5/pexpect-4.9.0-py2.py3-none-any.whl", hash = "sha256:7236d1e080e4936be2dc3e326cec0af72acf9212a7e1d060210e70a47e253523", size = 63772, upload-time = "2023-11-25T06:56:14.81Z" },
]

[[package]]
name = "prompt-toolkit"
version = "3.0.52"
source = { registry = "https://pypi.org/simple" }
dependencies = [
    { name = "wcwidth" },
]
sdist = { url = "https://files.pythonhosted.org/packages/a1/96/06e01a7b38dce6fe1db213e061a4602dd6032a8a97ef6c1a862537732421/prompt_toolkit-3.0.52.tar.gz", hash = "sha256:28cde192929c8e7321de85de1ddbe736f1375148b02f2e17edd840042b1be855", size = 434198, upload-time = "2025-08-27T15:24:02.057Z" }
wheels = [
    { url = "https://files.pythonhosted.org/packages/84/03/0d3ce49e2505ae70cf43bc5bb3033955d2fc9f932163e84dc0779cc47f48/prompt_toolkit-3.0.52-py3-none-any.whl", hash = "sha256:9aac639a3bbd33284347de5ad8d68ecc044b91a762dc39b7c21095fcd6a19955", size = 391431, upload-time = "2025-08-27T15:23:59.498Z" },
]

[[package]]
name = "psutil"
version = "7.2.2"
source = { registry = "https://pypi.org/simple" }
sdist = { url = "https://files.pythonhosted.org/packages/aa/c6/d1ddf4abb55e93cebc4f2ed8b5d6dbad109ecb8d63748dd2b20ab5e57ebe/psutil-7.2.2.tar.gz", hash = "sha256:0746f5f8d406af344fd547f1c8daa5f5c33dbc293bb8d6a16d80b4bb88f59372", size = 493740, upload-time = "2026-01-28T18:14:54.428Z" }
wheels = [
    { url = "https://files.pythonhosted.org/packages/51/08/510cbdb69c25a96f4ae523f733cdc963ae654904e8db864c07585ef99875/psutil-7.2.2-cp313-cp313t-macosx_10_13_x86_64.whl", hash = "sha256:2edccc433cbfa046b980b0df0171cd25bcaeb3a68fe9022db0979e7aa74a826b", size = 130595, upload-time = "2026-01-28T18:14:57.293Z" },
    { url = "https://files.pythonhosted.org/packages/d6/f5/97baea3fe7a5a9af7436301f85490905379b1c6f2dd51fe3ecf24b4c5fbf/psutil-7.2.2-cp313-cp313t-macosx_11_0_arm64.whl", hash = "sha256:e78c8603dcd9a04c7364f1a3e670cea95d51ee865e4efb3556a3a63adef958ea", size = 131082, upload-time = "2026-01-28T18:14:59.732Z" },
    { url = "https://files.pythonhosted.org/packages/37/d6/246513fbf9fa174af531f28412297dd05241d97a75911ac8febefa1a53c6/psutil-7.2.2-cp313-cp313t-manylinux2010_x86_64.manylinux_2_12_x86_64.manylinux_2_28_x86_64.whl", hash = "sha256:1a571f2330c966c62aeda00dd24620425d4b0cc86881c89861fbc04549e5dc63", size = 181476, upload-time = "2026-01-28T18:15:01.884Z" },
    { url = "https://files.pythonhosted.org/packages/b8/b5/9182c9af3836cca61696dabe4fd1304e17bc56cb62f17439e1154f225dd3/psutil-7.2.2-cp313-cp313t-manylinux2014_aarch64.manylinux_2_17_aarch64.manylinux_2_28_aarch64.whl", hash = "sha256:917e891983ca3c1887b4ef36447b1e0873e70c933afc831c6b6da078ba474312", size = 184062, upload-time = "2026-01-28T18:15:04.436Z" },
    { url = "https://files.pythonhosted.org/packages/16/ba/0756dca669f5a9300d0cbcbfae9a4c30e446dfc7440ffe43ded5724bfd93/psutil-7.2.2-cp313-cp313t-win_amd64.whl", hash = "sha256:ab486563df44c17f5173621c7b198955bd6b613fb87c71c161f827d3fb149a9b", size = 139893, upload-time = "2026-01-28T18:15:06.378Z" },
    { url = "https://files.pythonhosted.org/packages/1c/61/8fa0e26f33623b49949346de05ec1ddaad02ed8ba64af45f40a147dbfa97/psutil-7.2.2-cp313-cp313t-win_arm64.whl", hash = "sha256:ae0aefdd8796a7737eccea863f80f81e468a1e4cf14d926bd9b6f5f2d5f90ca9", size = 135589, upload-time = "2026-01-28T18:15:08.03Z" },
    { url = "https://files.pythonhosted.org/packages/81/69/ef179ab5ca24f32acc1dac0c247fd6a13b501fd5534dbae0e05a1c48b66d/psutil-7.2.2-cp314-cp314t-macosx_10_15_x86_64.whl", hash = "sha256:eed63d3b4d62449571547b60578c5b2c4bcccc5387148db46e0c2313dad0ee00", size = 130664, upload-time = "2026-01-28T18:15:09.469Z" },
    { url = "https://files.pythonhosted.org/packages/7b/64/665248b557a236d3fa9efc378d60d95ef56dd0a490c2cd37dafc7660d4a9/psutil-7.2.2-cp314-cp314t-macosx_11_0_arm64.whl", hash = "sha256:7b6d09433a10592ce39b13d7be5a54fbac1d1228ed29abc880fb23df7cb694c9", size = 131087, upload-time = "2026-01-28T18:15:11.724Z" },
    { url = "https://files.pythonhosted.org/packages/d5/2e/e6782744700d6759ebce3043dcfa661fb61e2fb752b91cdeae9af12c2178/psutil-7.2.2-cp314-cp314t-manylinux2010_x86_64.manylinux_2_12_x86_64.manylinux_2_28_x86_64.whl", hash = "sha256:1fa4ecf83bcdf6e6c8f4449aff98eefb5d0604bf88cb883d7da3d8d2d909546a", size = 182383, upload-time = "2026-01-28T18:15:13.445Z" },
    { url = "https://files.pythonhosted.org/packages/57/49/0a41cefd10cb7505cdc04dab3eacf24c0c2cb158a998b8c7b1d27ee2c1f5/psutil-7.2.2-cp314-cp314t-manylinux2014_aarch64.manylinux_2_17_aarch64.manylinux_2_28_aarch64.whl", hash = "sha256:e452c464a02e7dc7822a05d25db4cde564444a67e58539a00f929c51eddda0cf", size = 185210, upload-time = "2026-01-28T18:15:16.002Z" },
    { url = "https://files.pythonhosted.org/packages/dd/2c/ff9bfb544f283ba5f83ba725a3c5fec6d6b10b8f27ac1dc641c473dc390d/psutil-7.2.2-cp314-cp314t-win_amd64.whl", hash = "sha256:c7663d4e37f13e884d13994247449e9f8f574bc4655d509c3b95e9ec9e2b9dc1", size = 141228, upload-time = "2026-01-28T18:15:18.385Z" },
    { url = "https://files.pythonhosted.org/packages/f2/fc/f8d9c31db14fcec13748d373e668bc3bed94d9077dbc17fb0eebc073233c/psutil-7.2.2-cp314-cp314t-win_arm64.whl", hash = "sha256:11fe5a4f613759764e79c65cf11ebdf26e33d6dd34336f8a337aa2996d71c841", size = 136284, upload-time = "2026-01-28T18:15:19.912Z" },
    { url = "https://files.pythonhosted.org/packages/e7/36/5ee6e05c9bd427237b11b3937ad82bb8ad2752d72c6969314590dd0c2f6e/psutil-7.2.2-cp36-abi3-macosx_10_9_x86_64.whl", hash = "sha256:ed0cace939114f62738d808fdcecd4c869222507e266e574799e9c0faa17d486", size = 129090, upload-time = "2026-01-28T18:15:22.168Z" },
    { url = "https://files.pythonhosted.org/packages/80/c4/f5af4c1ca8c1eeb2e92ccca14ce8effdeec651d5ab6053c589b074eda6e1/psutil-7.2.2-cp36-abi3-macosx_11_0_arm64.whl", hash = "sha256:1a7b04c10f32cc88ab39cbf606e117fd74721c831c98a27dc04578deb0c16979", size = 129859, upload-time = "2026-01-28T18:15:23.795Z" },
    { url = "https://files.pythonhosted.org/packages/b5/70/5d8df3b09e25bce090399cf48e452d25c935ab72dad19406c77f4e828045/psutil-7.2.2-cp36-abi3-manylinux2010_x86_64.manylinux_2_12_x86_64.manylinux_2_28_x86_64.whl", hash = "sha256:076a2d2f923fd4821644f5ba89f059523da90dc9014e85f8e45a5774ca5bc6f9", size = 155560, upload-time = "2026-01-28T18:15:25.976Z" },
    { url = "https://files.pythonhosted.org/packages/63/65/37648c0c158dc222aba51c089eb3bdfa238e621674dc42d48706e639204f/psutil-7.2.2-cp36-abi3-manylinux2014_aarch64.manylinux_2_17_aarch64.manylinux_2_28_aarch64.whl", hash = "sha256:b0726cecd84f9474419d67252add4ac0cd9811b04d61123054b9fb6f57df6e9e", size = 156997, upload-time = "2026-01-28T18:15:27.794Z" },
    { url = "https://files.pythonhosted.org/packages/8e/13/125093eadae863ce03c6ffdbae9929430d116a246ef69866dad94da3bfbc/psutil-7.2.2-cp36-abi3-musllinux_1_2_aarch64.whl", hash = "sha256:fd04ef36b4a6d599bbdb225dd1d3f51e00105f6d48a28f006da7f9822f2606d8", size = 148972, upload-time = "2026-01-28T18:15:29.342Z" },
    { url = "https://files.pythonhosted.org/packages/04/78/0acd37ca84ce3ddffaa92ef0f571e073faa6d8ff1f0559ab1272188ea2be/psutil-7.2.2-cp36-abi3-musllinux_1_2_x86_64.whl", hash = "sha256:b58fabe35e80b264a4e3bb23e6b96f9e45a3df7fb7eed419ac0e5947c61e47cc", size = 148266, upload-time = "2026-01-28T18:15:31.597Z" },
    { url = "https://files.pythonhosted.org/packages/b4/90/e2159492b5426be0c1fef7acba807a03511f97c5f86b3caeda6ad92351a7/psutil-7.2.2-cp37-abi3-win_amd64.whl", hash = "sha256:eb7e81434c8d223ec4a219b5fc1c47d0417b12be7ea866e24fb5ad6e84b3d988", size = 137737, upload-time = "2026-01-28T18:15:33.849Z" },
    { url = "https://files.pythonhosted.org/packages/8c/c7/7bb2e321574b10df20cbde462a94e2b71d05f9bbda251ef27d104668306a/psutil-7.2.2-cp37-abi3-win_arm64.whl", hash = "sha256:8c233660f575a5a89e6d4cb65d9f938126312bca76d8fe087b947b3a1aaac9ee", size = 134617, upload-time = "2026-01-28T18:15:36.514Z" },
]

[[package]]
name = "ptyprocess"
version = "0.7.0"
source = { registry = "https://pypi.org/simple" }
sdist = { url = "https://files.pythonhosted.org/packages/20/e5/16ff212c1e452235a90aeb09066144d0c5a6a8c0834397e03f5224495c4e/ptyprocess-0.7.0.tar.gz", hash = "sha256:5c5d0a3b48ceee0b48485e0c26037c0acd7d29765ca3fbb5cb3831d347423220", size = 70762, upload-time = "2020-12-28T15:15:30.155Z" }
wheels = [
    { url = "https://files.pythonhosted.org/packages/22/a6/858897256d0deac81a172289110f31629fc4cee19b6f01283303e18c8db3/ptyprocess-0.7.0-py2.py3-none-any.whl", hash = "sha256:4b41f3967fce3af57cc7e94b888626c18bf37a083e3651ca8feeb66d492fef35", size = 13993, upload-time = "2020-12-28T15:15:28.35Z" },
]

[[package]]
name = "pure-eval"
version = "0.2.3"
source = { registry = "https://pypi.org/simple" }
sdist = { url = "https://files.pythonhosted.org/packages/cd/05/0a34433a064256a578f1783a10da6df098ceaa4a57bbeaa96a6c0352786b/pure_eval-0.2.3.tar.gz", hash = "sha256:5f4e983f40564c576c7c8635ae88db5956bb2229d7e9237d03b3c0b0190eaf42", size = 19752, upload-time = "2024-07-21T12:58:21.801Z" }
wheels = [
    { url = "https://files.pythonhosted.org/packages/8e/37/efad0257dc6e593a18957422533ff0f87ede7c9c6ea010a2177d738fb82f/pure_eval-0.2.3-py3-none-any.whl", hash = "sha256:1db8e35b67b3d218d818ae653e27f06c3aa420901fa7b081ca98cbedc874e0d0", size = 11842, upload-time = "2024-07-21T12:58:20.04Z" },
]

[[package]]
name = "pyaes"
version = "1.6.1"
source = { registry = "https://pypi.org/simple" }
sdist = { url = "https://files.pythonhosted.org/packages/44/66/2c17bae31c906613795711fc78045c285048168919ace2220daa372c7d72/pyaes-1.6.1.tar.gz", hash = "sha256:02c1b1405c38d3c370b085fb952dd8bea3fadcee6411ad99f312cc129c536d8f", size = 28536, upload-time = "2017-09-20T21:17:54.23Z" }

[[package]]
name = "pygments"
version = "2.20.0"
source = { registry = "https://pypi.org/simple" }
sdist = { url = "https://files.pythonhosted.org/packages/c3/b2/bc9c9196916376152d655522fdcebac55e66de6603a76a02bca1b6414f6c/pygments-2.20.0.tar.gz", hash = "sha256:6757cd03768053ff99f3039c1a36d6c0aa0b263438fcab17520b30a303a82b5f", size = 4955991, upload-time = "2026-03-29T13:29:33.898Z" }
wheels = [
    { url = "https://files.pythonhosted.org/packages/f4/7e/a72dd26f3b0f4f2bf1dd8923c85f7ceb43172af56d63c7383eb62b332364/pygments-2.20.0-py3-none-any.whl", hash = "sha256:81a9e26dd42fd28a23a2d169d86d7ac03b46e2f8b59ed4698fb4785f946d0176", size = 1231151, upload-time = "2026-03-29T13:29:30.038Z" },
]

[[package]]
name = "pymediainfo-pyrofork"
version = "6.0.2"
source = { registry = "https://pypi.org/simple" }
sdist = { url = "https://files.pythonhosted.org/packages/01/43/ebfd048e84bb264bb133d545312e35b49638bcd7d5ad973c023e0026a36b/pymediainfo_pyrofork-6.0.2.tar.gz", hash = "sha256:fce9402edfd1fa09aba7b3cac4c41ba7fcf6820e561b4db4f9c1a1a68c487c36", size = 446514, upload-time = "2024-10-08T14:31:39.531Z" }
wheels = [
    { url = "https://files.pythonhosted.org/packages/1d/16/7c2b2f969e84e5f196809c10da6c847c505fb722b9d636bf6f6bf8f2e919/pymediainfo_pyrofork-6.0.2-py2.py3-none-any.whl", hash = "sha256:674fa8e53de861635b9dc4f77c2ad712306a798bf28864952503bf328210c4c3", size = 9356, upload-time = "2024-10-08T14:31:37.054Z" },
]

[[package]]
name = "pypika-tortoise"
version = "0.6.5"
source = { registry = "https://pypi.org/simple" }
sdist = { url = "https://files.pythonhosted.org/packages/c2/06/89fe5fff93c5a01dbdeb9f3d843a7e997dc6e3a87222a260a164ff91fb81/pypika_tortoise-0.6.5.tar.gz", hash = "sha256:64d96c9b88450f6360ad22a7063933b6a90961a7317f04b2b63c98fd5d705506", size = 81468, upload-time = "2026-03-13T20:44:54.439Z" }
wheels = [
    { url = "https://files.pythonhosted.org/packages/6c/b8/502910eb8b315f719d8f6a6509f13a38b6c4c05378f14ac151ff347bff0a/pypika_tortoise-0.6.5-py3-none-any.whl", hash = "sha256:9194ac6ce6ac9bdfc6e959c831c5788ef05ee1371e82ba281b0eb75f4a2bd4f1", size = 47936, upload-time = "2026-03-13T20:44:53.541Z" },
]

[[package]]
name = "pyrofork"
version = "2.3.69"
source = { registry = "https://pypi.org/simple" }
dependencies = [
    { name = "pyaes" },
    { name = "pymediainfo-pyrofork" },
    { name = "pysocks" },
]
sdist = { url = "https://files.pythonhosted.org/packages/86/da/c6e44522450483ca4a42130759a8dbc96e28c35e7ad041e16aca85c45756/pyrofork-2.3.69.tar.gz", hash = "sha256:945b30d50b31819a903749825e2748ac5a6af1e073bf97da8c53e510ff3ed58d", size = 506694, upload-time = "2025-12-10T18:35:57.316Z" }
wheels = [
    { url = "https://files.pythonhosted.org/packages/ea/ec/9395a0d3196a388a0ccd0994cf2113068b3740ab2615d8bbc1c12d762e42/pyrofork-2.3.69-py3-none-any.whl", hash = "sha256:13f7a7fbfa5ede230df6b6df10fcc2c6b33b4c3d75bf2088a7d32f41621df8e4", size = 5270720, upload-time = "2025-12-10T18:35:55.246Z" },
]

[[package]]
name = "pysocks"
version = "1.7.1"
source = { registry = "https://pypi.org/simple" }
sdist = { url = "https://files.pythonhosted.org/packages/bd/11/293dd436aea955d45fc4e8a35b6ae7270f5b8e00b53cf6c024c83b657a11/PySocks-1.7.1.tar.gz", hash = "sha256:3f8804571ebe159c380ac6de37643bb4685970655d3bba243530d6558b799aa0", size = 284429, upload-time = "2019-09-20T02:07:35.714Z" }
wheels = [
    { url = "https://files.pythonhosted.org/packages/8d/59/b4572118e098ac8e46e399a1dd0f2d85403ce8bbaad9ec79373ed6badaf9/PySocks-1.7.1-py3-none-any.whl", hash = "sha256:2725bd0a9925919b9b51739eea5f9e2bae91e83288108a9ad338b2e3a4435ee5", size = 16725, upload-time = "2019-09-20T02:06:22.938Z" },
]

[[package]]
name = "stack-data"
version = "0.6.3"
source = { registry = "https://pypi.org/simple" }
dependencies = [
    { name = "asttokens" },
    { name = "executing" },
    { name = "pure-eval" },
]
sdist = { url = "https://files.pythonhosted.org/packages/28/e3/55dcc2cfbc3ca9c29519eb6884dd1415ecb53b0e934862d3559ddcb7e20b/stack_data-0.6.3.tar.gz", hash = "sha256:836a778de4fec4dcd1dcd89ed8abff8a221f58308462e1c4aa2a3cf30148f0b9", size = 44707, upload-time = "2023-09-30T13:58:05.479Z" }
wheels = [
    { url = "https://files.pythonhosted.org/packages/f1/7b/ce1eafaf1a76852e2ec9b22edecf1daa58175c090266e9f6c64afcd81d91/stack_data-0.6.3-py3-none-any.whl", hash = "sha256:d5558e0c25a4cb0853cddad3d77da9891a08cb85dd9f9f91b9f8cd66e511e695", size = 24521, upload-time = "2023-09-30T13:58:03.53Z" },
]

[[package]]
name = "tgcrypto-pyrofork"
version = "1.2.8"
source = { registry = "https://pypi.org/simple" }
sdist = { url = "https://files.pythonhosted.org/packages/7c/cb/9b26818a3a815eb37a7839d0c8e160c3b7c4de770fdb5ee1ecce96048336/tgcrypto_pyrofork-1.2.8.tar.gz", hash = "sha256:106317b2c42cc5fcd7475a50647fee2da304076cdfcd2444f72d5254927b2afa", size = 37390, upload-time = "2025-10-25T04:05:38.457Z" }
wheels = [
    { url = "https://files.pythonhosted.org/packages/02/59/f230684f3dca1da3a56c843de42fe64df709d41c55a33140ae9a1d3afcd4/tgcrypto_pyrofork-1.2.8-cp313-cp313-manylinux2014_aarch64.manylinux_2_17_aarch64.manylinux_2_28_aarch64.whl", hash = "sha256:1f28c07ee6c0ef423b3ff14562881f3bbcb6614d5394f378526f32a109650e24", size = 62197, upload-time = "2025-10-25T03:57:49.88Z" },
    { url = "https://files.pythonhosted.org/packages/f8/bb/0193ab5a6012172995fa96a009b79c2b786c0e63106f244ab4b7a9846bc6/tgcrypto_pyrofork-1.2.8-cp313-cp313-manylinux2014_x86_64.manylinux_2_17_x86_64.manylinux_2_28_x86_64.whl", hash = "sha256:d4886fa409c891e129c6ab439542e0b80b001b31bcefac63509340b0c691f73b", size = 60306, upload-time = "2025-10-24T09:25:31.058Z" },
    { url = "https://files.pythonhosted.org/packages/fa/3f/850ee3d6def1a07406efa5e951bf1e72a7dfd9ae3bc7bb8f1e3e44c57147/tgcrypto_pyrofork-1.2.8-cp313-cp313-musllinux_1_2_aarch64.whl", hash = "sha256:36a71e5cbd14f3226803a2d05c0d3d43e0781565a895d40681ef82410398d950", size = 61711, upload-time = "2025-10-25T03:57:50.985Z" },
    { url = "https://files.pythonhosted.org/packages/53/55/100fde3d9a2215d25d469a36ae116d533a2455005d4fa83b9cb4caef49fc/tgcrypto_pyrofork-1.2.8-cp313-cp313-musllinux_1_2_x86_64.whl", hash = "sha256:1ff578ac8b54607e6d536f9593f78d8bea9b99f2e607ea4bd71b1b2a3a5f949c", size = 60528, upload-time = "2025-10-24T09:25:32.644Z" },
    { url = "https://files.pythonhosted.org/packages/97/bf/45480165ac318e7a230f1ea44c97f45007c1f4f60ab7121d4034f0b16ac7/tgcrypto_pyrofork-1.2.8-cp313-cp313-win32.whl", hash = "sha256:a8572c5c46c51352e294f7f68df2ed425756e25c08d0e2ef94e055ed243e3104", size = 45164, upload-time = "2025-10-24T09:25:35.927Z" },
    { url = "https://files.pythonhosted.org/packages/d5/f6/15df88cdf00d71832c883cdd366ccfe7c6bf6dd7cc678ee42007b4b27bce/tgcrypto_pyrofork-1.2.8-cp313-cp313-win_amd64.whl", hash = "sha256:66792dfd71a90248cea9b855a40e9339686d19dc131134bd7ce4ec10b99a3509", size = 45920, upload-time = "2025-10-24T09:25:37.638Z" },
    { url = "https://files.pythonhosted.org/packages/a6/b9/6de6a3c9b22a992b497287f25ca69f47886c5ff502b207f82b206ac40c11/tgcrypto_pyrofork-1.2.8-cp313-cp313-win_arm64.whl", hash = "sha256:8e1086bcf070a8bdae4e81d7732b1cc082b2f31c6fdea884336d4f98c93d7d82", size = 44762, upload-time = "2025-10-25T03:59:27.961Z" },
    { url = "https://files.pythonhosted.org/packages/2e/e1/1d764432770162206bbbe916232dc3a3adc0cf2a1a9045be233b3c965471/tgcrypto_pyrofork-1.2.8-cp314-cp314-manylinux2014_aarch64.manylinux_2_17_aarch64.manylinux_2_28_aarch64.whl", hash = "sha256:12d237eb8de98fa759df97bdb988dd6f60702c3376dbf16d2babdd2196bfb58a", size = 62377, upload-time = "2025-10-25T03:57:51.736Z" },
    { url = "https://files.pythonhosted.org/packages/5f/78/68a5af0e776b65e598f8926c0814d8aa418b424f16e2a611efdcc3ba3695/tgcrypto_pyrofork-1.2.8-cp314-cp314-manylinux2014_x86_64.manylinux_2_17_x86_64.manylinux_2_28_x86_64.whl", hash = "sha256:ae1a23ed300786e28e8d9c2024effba7efc732d99fd8a2db314c02c35355f01f", size = 60477, upload-time = "2025-10-24T09:25:33.896Z" },
    { url = "https://files.pythonhosted.org/packages/b2/5c/8859b487bd68987d8d0b73a82d13796ef2213d428df2a2f0330605034c2c/tgcrypto_pyrofork-1.2.8-cp314-cp314-musllinux_1_2_aarch64.whl", hash = "sha256:9b1538e0c14d2aee1b9dc72cddfd7706d2e4ea768addecc3f12ff8d44f38d3e1", size = 61863, upload-time = "2025-10-25T03:57:52.762Z" },
    { url = "https://files.pythonhosted.org/packages/b4/65/3f26e9680e312ee4cae8639e37035944037280c9b03bb17c2204020b024f/tgcrypto_pyrofork-1.2.8-cp314-cp314-musllinux_1_2_x86_64.whl", hash = "sha256:fe3d75abef53bfbfa6e80dc6d25075f603f3ebe1dafa9d5c09b2780e0ea3a382", size = 60651, upload-time = "2025-10-24T09:25:35.269Z" },
    { url = "https://files.pythonhosted.org/packages/49/c3/bec17c976b0caca2ae90cab295ab50c4384036b0b3df1096c0eaa329eb06/tgcrypto_pyrofork-1.2.8-cp314-cp314-win32.whl", hash = "sha256:f17a4dd0197e0972f056242bc06f97d86e890f8e29bda69af3dbc6f25d40c33f", size = 47116, upload-time = "2025-10-24T09:25:39.203Z" },
    { url = "https://files.pythonhosted.org/packages/25/a4/a2ca8127e03c31793e9659ab02fb8aeaf4ff2481cfc77f05c1651b0f8b0c/tgcrypto_pyrofork-1.2.8-cp314-cp314-win_amd64.whl", hash = "sha256:8eaf42413eb7b2efae1122106803c26dc792f0ad6d98ed77d179950c979d0d35", size = 47880, upload-time = "2025-10-24T09:25:40.434Z" },
    { url = "https://files.pythonhosted.org/packages/70/f6/b3d0aa598f07c1ff64e55271eeca99bbfdd191ced97db652f0d279cb0294/tgcrypto_pyrofork-1.2.8-cp314-cp314-win_arm64.whl", hash = "sha256:1b202757b7711b642362baa32529c2a7896d4f259ae25df6a82d8f748a3d30b2", size = 46970, upload-time = "2025-10-25T03:59:28.711Z" },
    { url = "https://files.pythonhosted.org/packages/b0/37/596a1b5d92bd6a7f657840c76a8f4955db614b4c7fe162c9cdcb82aa67e2/tgcrypto_pyrofork-1.2.8-cp314-cp314t-manylinux2014_aarch64.manylinux_2_17_aarch64.manylinux_2_28_aarch64.whl", hash = "sha256:82bd2e8f249eaef92132ce5a310c27844e9fbb43666e5bfbf6dd1872c1c2eda2", size = 62382, upload-time = "2025-10-25T03:57:53.863Z" },
    { url = "https://files.pythonhosted.org/packages/7a/44/5c3582787210840bd9e752a0e79d2c7a6b01339d4f11e243d2b79e003644/tgcrypto_pyrofork-1.2.8-cp314-cp314t-manylinux2014_x86_64.manylinux_2_17_x86_64.manylinux_2_28_x86_64.whl", hash = "sha256:d3441ec567f9411ffbe5182fd4fb8c49fbd12faccd71c50fc469b9784e15b04d", size = 60493, upload-time = "2025-10-24T09:25:36.657Z" },
    { url = "https://files.pythonhosted.org/packages/dc/03/59880402d13eff32ab1649d795ef6296a839c98d37e9b4e5c14f02b7de66/tgcrypto_pyrofork-1.2.8-cp314-cp314t-musllinux_1_2_aarch64.whl", hash = "sha256:c50a8ddd8e5256528f8318bcafbe1f59f1cc1c300db0ee16ec49955baead861c", size = 61897, upload-time = "2025-10-25T03:57:54.677Z" },
    { url = "https://files.pythonhosted.org/packages/6f/50/8e944e574f2dd3155db54a17c260cb550953cd7ecbd677c4e3d128e36de3/tgcrypto_pyrofork-1.2.8-cp314-cp314t-musllinux_1_2_x86_64.whl", hash = "sha256:bc888db2675247a1e3d9040577e025d64b66b72702223030b0e18ed10037b99e", size = 60691, upload-time = "2025-10-24T09:25:38.274Z" },
    { url = "https://files.pythonhosted.org/packages/f8/cf/6fb83ac9e739cec63cad9700a96e6e0cffefe27a24b517bb1251b5378c20/tgcrypto_pyrofork-1.2.8-cp314-cp314t-win32.whl", hash = "sha256:cebd0cf96f27de50fedbbb836e459fb2d7d960ea1a454ac141ead0209d43bf5f", size = 47123, upload-time = "2025-10-24T09:25:41.175Z" },
    { url = "https://files.pythonhosted.org/packages/41/1b/7deb72797d4a1e5bd25fc362de16d0f1aa0e3fef5417f41fec1b6bdc40e7/tgcrypto_pyrofork-1.2.8-cp314-cp314t-win_amd64.whl", hash = "sha256:2e94273c733cba188b28b903eb10ed014eaeb454ccc9269e96c89d7f43d12ddf", size = 47884, upload-time = "2025-10-24T09:25:41.972Z" },
    { url = "https://files.pythonhosted.org/packages/35/b9/2fdf803f21c07f0efb21c316f74c4fbd1f6f32456695149e24128698967a/tgcrypto_pyrofork-1.2.8-cp314-cp314t-win_arm64.whl", hash = "sha256:ef8b75bb9516ca1990f2a0ccdf26a84f301381410cb0c63bc14959a70e895a8e", size = 46975, upload-time = "2025-10-25T03:59:29.957Z" },
]

[[package]]
name = "tortoise-orm"
version = "1.1.7"
source = { registry = "https://pypi.org/simple" }
dependencies = [
    { name = "aiosqlite" },
    { name = "anyio" },
    { name = "iso8601", marker = "python_full_version < '4'" },
    { name = "pypika-tortoise" },
]
sdist = { url = "https://files.pythonhosted.org/packages/1d/55/e75d3ae0dd2c96cf961bf068f465fb62ec481d802beb65f406620bfd40a0/tortoise_orm-1.1.7.tar.gz", hash = "sha256:a0f0f27f9c92547739f0a3f0862c257ab64d8baadbc0e548cbcfa2d70bcbe275", size = 387489, upload-time = "2026-03-21T20:03:29.087Z" }
wheels = [
    { url = "https://files.pythonhosted.org/packages/bf/9b/e7e5b4f4e9433b9d9c389afc62ea0ed2597626842dc0f76dd7b54eb32cdd/tortoise_orm-1.1.7-py3-none-any.whl", hash = "sha256:b640b786905891cc120aa16d1a7af18cd54b111a812f9b1c1d1c7b294d62949d", size = 272437, upload-time = "2026-03-21T20:03:27.539Z" },
]

[[package]]
name = "traitlets"
version = "5.15.1"
source = { registry = "https://pypi.org/simple" }
sdist = { url = "https://files.pythonhosted.org/packages/57/a9/a2584b8313b89f94869ddb3c4074617a691de1812a614d2d50e32ca5a7a6/traitlets-5.15.1.tar.gz", hash = "sha256:7b1c07854fe25acb39e009bae49f11b79ff6cbb2f27999104e9110e7a6b53722", size = 163344, upload-time = "2026-06-03T12:26:06.181Z" }
wheels = [
    { url = "https://files.pythonhosted.org/packages/96/8d/1080ee4c231f361b6ce4470d556c8c435b67c7e0753aaa641497ee92f88b/traitlets-5.15.1-py3-none-any.whl", hash = "sha256:770a53705f84b81ac107e83a1b3328ff2dae16094d8fc3cfc004e4b22dfd8e92", size = 85858, upload-time = "2026-06-03T12:26:04.395Z" },
]

[[package]]
name = "wcwidth"
version = "0.8.1"
source = { registry = "https://pypi.org/simple" }
sdist = { url = "https://files.pythonhosted.org/packages/49/b4/51fe890511f0f242d07cb1ebe6a5b6db417262b9d2568b460347c57d95cc/wcwidth-0.8.1.tar.gz", hash = "sha256:faf5b4a5366a72dc49cad48cdf21f52bdf63bdda995178e483ba247ff79089b9", size = 1466072, upload-time = "2026-06-08T05:57:23.146Z" }
wheels = [
    { url = "https://files.pythonhosted.org/packages/bd/6e/95b0e537de1f4d4301f76f944642c6da50d1511cc7b3d64dc418a66c7509/wcwidth-0.8.1-py3-none-any.whl", hash = "sha256:f453740b1e4a4f3291faa37944c555d71056c4da08d59809b307ef4feba695c8", size = 323092, upload-time = "2026-06-08T05:57:21.413Z" },
]
